
Microsoft Visual Studio Solution File, Format Version 12.00
# Visual Studio Version 17
VisualStudioVersion = 17.14.36327.8 d17.14
MinimumVisualStudioVersion = 10.0.40219.1
Project("{FAE04EC0-301F-11D3-BF4B-00C04F79EFBC}") = "WebApplication2", "WebApplication2.csproj", "{3BD0FDE3-F828-48D4-8EC2-AC987281EA89}"
EndProject
Global
	GlobalSection(SolutionConfigurationPlatforms) = preSolution
		Debug|Any CPU = Debug|Any CPU
		Release|Any CPU = Release|Any CPU
	EndGlobalSection
	GlobalSection(ProjectConfigurationPlatforms) = postSolution
		{3BD0FDE3-F828-48D4-8EC2-AC987281EA89}.Debug|Any CPU.ActiveCfg = Debug|Any CPU
		{3BD0FDE3-F828-48D4-8EC2-AC987281EA89}.Debug|Any CPU.Build.0 = Debug|Any CPU
		{3BD0FDE3-F828-48D4-8EC2-AC987281EA89}.Release|Any CPU.ActiveCfg = Release|Any CPU
		{3BD0FDE3-F828-48D4-8EC2-AC987281EA89}.Release|Any CPU.Build.0 = Release|Any CPU
	EndGlobalSection
	GlobalSection(SolutionProperties) = preSolution
		HideSolutionNode = FALSE
	EndGlobalSection
	GlobalSection(ExtensibilityGlobals) = postSolution
		SolutionGuid = {654633FA-85D2-4EE0-815E-2F3C20914299}
	EndGlobalSection
EndGlobal
